
Microsoft Visual Studio Solution File, Format Version 12.00
# Visual Studio 15
VisualStudioVersion = 15.0.28010.2036
MinimumVisualStudioVersion = 10.0.40219.1
Project("{FAE04EC0-301F-11D3-BF4B-00C04F79EFBC}") = "TestClosure", "TestClosure\TestClosure.csproj", "{B796CB7A-D5C9-4925-9B03-21F3B842B0D1}"
EndProject
Global
	GlobalSection(SolutionConfigurationPlatforms) = preSolution
		Debug|Any CPU = Debug|Any CPU
		Release|Any CPU = Release|Any CPU
	EndGlobalSection
	GlobalSection(ProjectConfigurationPlatforms) = postSolution
		{B796CB7A-D5C9-4925-9B03-21F3B842B0D1}.Debug|Any CPU.ActiveCfg = Debug|Any CPU
		{B796CB7A-D5C9-4925-9B03-21F3B842B0D1}.Debug|Any CPU.Build.0 = Debug|Any CPU
		{B796CB7A-D5C9-4925-9B03-21F3B842B0D1}.Release|Any CPU.ActiveCfg = Release|Any CPU
		{B796CB7A-D5C9-4925-9B03-21F3B842B0D1}.Release|Any CPU.Build.0 = Release|Any CPU
	EndGlobalSection
	GlobalSection(SolutionProperties) = preSolution
		HideSolutionNode = FALSE
	EndGlobalSection
	GlobalSection(ExtensibilityGlobals) = postSolution
		SolutionGuid = {C4A6F710-9CDA-4E70-A38C-ABF3B53DE8A8}
	EndGlobalSection
EndGlobal
